
Microsoft Visual Studio Solution File, Format Version 12.00
# Visual Studio Version 17
VisualStudioVersion = 17.0.32112.339
MinimumVisualStudioVersion = 10.0.40219.1
Project("{9A19103F-16F7-4668-BE54-9A1E7A4F7556}") = "KiwisCoOpMod", "KiwisCoOpMod\KiwisCoOpMod.csproj", "{1E2DE4C1-E083-47FB-A7A3-C346B342C5B6}"
EndProject
Project("{9A19103F-16F7-4668-BE54-9A1E7A4F7556}") = "AlyxGamemode", "AlyxGamemode\AlyxGamemode.csproj", "{74293F75-4F4F-4E5A-A1C8-D7E807A608F7}"
EndProject
Project("{9A19103F-16F7-4668-BE54-9A1E7A4F7556}") = "DiscordRpcPlugin", "DiscordRpcPlugin\DiscordRpcPlugin.csproj", "{51640C6A-A0C3-466F-B4E9-E42DC9DCF034}"
EndProject
Project("{9A19103F-16F7-4668-BE54-9A1E7A4F7556}") = "KiwisCoOpModCore", "KiwisCoOpModCore\KiwisCoOpModCore.csproj", "{C08BF2D8-4FB6-4157-999B-FC8EA53791E0}"
EndProject
Project("{9A19103F-16F7-4668-BE54-9A1E7A4F7556}") = "AlyxDeathmatch", "AlyxDeathmatch\AlyxDeathmatch.csproj", "{66E80AF4-2E49-41FD-ACC3-CFE8289E7F01}"
EndProject
Project("{9A19103F-16F7-4668-BE54-9A1E7A4F7556}") = "LuaInterpreterPlugin", "LuaInterpreterPlugin\LuaInterpreterPlugin.csproj", "{3C88CEA5-C0AC-4BC8-981F-823FB7A8C387}"
EndProject
Global
	GlobalSection(SolutionConfigurationPlatforms) = preSolution
		Debug|Any CPU = Debug|Any CPU
		Release|Any CPU = Release|Any CPU
	EndGlobalSection
	GlobalSection(ProjectConfigurationPlatforms) = postSolution
		{1E2DE4C1-E083-47FB-A7A3-C346B342C5B6}.Debug|Any CPU.ActiveCfg = Debug|Any CPU
		{1E2DE4C1-E083-47FB-A7A3-C346B342C5B6}.Debug|Any CPU.Build.0 = Debug|Any CPU
		{1E2DE4C1-E083-47FB-A7A3-C346B342C5B6}.Release|Any CPU.ActiveCfg = Release|Any CPU
		{1E2DE4C1-E083-47FB-A7A3-C346B342C5B6}.Release|Any CPU.Build.0 = Release|Any CPU
		{74293F75-4F4F-4E5A-A1C8-D7E807A608F7}.Debug|Any CPU.ActiveCfg = Debug|Any CPU
		{74293F75-4F4F-4E5A-A1C8-D7E807A608F7}.Debug|Any CPU.Build.0 = Debug|Any CPU
		{74293F75-4F4F-4E5A-A1C8-D7E807A608F7}.Release|Any CPU.ActiveCfg = Release|Any CPU
		{74293F75-4F4F-4E5A-A1C8-D7E807A608F7}.Release|Any CPU.Build.0 = Release|Any CPU
		{51640C6A-A0C3-466F-B4E9-E42DC9DCF034}.Debug|Any CPU.ActiveCfg = Debug|Any CPU
		{51640C6A-A0C3-466F-B4E9-E42DC9DCF034}.Debug|Any CPU.Build.0 = Debug|Any CPU
		{51640C6A-A0C3-466F-B4E9-E42DC9DCF034}.Release|Any CPU.ActiveCfg = Release|Any CPU
		{51640C6A-A0C3-466F-B4E9-E42DC9DCF034}.Release|Any CPU.Build.0 = Release|Any CPU
		{C08BF2D8-4FB6-4157-999B-FC8EA53791E0}.Debug|Any CPU.ActiveCfg = Debug|Any CPU
		{C08BF2D8-4FB6-4157-999B-FC8EA53791E0}.Debug|Any CPU.Build.0 = Debug|Any CPU
		{C08BF2D8-4FB6-4157-999B-FC8EA53791E0}.Release|Any CPU.ActiveCfg = Release|Any CPU
		{C08BF2D8-4FB6-4157-999B-FC8EA53791E0}.Release|Any CPU.Build.0 = Release|Any CPU
		{66E80AF4-2E49-41FD-ACC3-CFE8289E7F01}.Debug|Any CPU.ActiveCfg = Debug|Any CPU
		{66E80AF4-2E49-41FD-ACC3-CFE8289E7F01}.Debug|Any CPU.Build.0 = Debug|Any CPU
		{66E80AF4-2E49-41FD-ACC3-CFE8289E7F01}.Release|Any CPU.ActiveCfg = Release|Any CPU
		{66E80AF4-2E49-41FD-ACC3-CFE8289E7F01}.Release|Any CPU.Build.0 = Release|Any CPU
		{3C88CEA5-C0AC-4BC8-981F-823FB7A8C387}.Debug|Any CPU.ActiveCfg = Debug|Any CPU
		{3C88CEA5-C0AC-4BC8-981F-823FB7A8C387}.Debug|Any CPU.Build.0 = Debug|Any CPU
		{3C88CEA5-C0AC-4BC8-981F-823FB7A8C387}.Release|Any CPU.ActiveCfg = Release|Any CPU
		{3C88CEA5-C0AC-4BC8-981F-823FB7A8C387}.Release|Any CPU.Build.0 = Release|Any CPU
	EndGlobalSection
	GlobalSection(SolutionProperties) = preSolution
		HideSolutionNode = FALSE
	EndGlobalSection
	GlobalSection(ExtensibilityGlobals) = postSolution
		SolutionGuid = {BD8B2530-2BE8-4382-8072-36B01827DACF}
	EndGlobalSection
EndGlobal
